// !$*UTF8*$!
{
	archiveVersion = 1;
	classes = {
	};
	objectVersion = 55;
	objects = {

/* Begin PBXBuildFile section */
		B3F0F7EB27CE60BE0033AF13 /* SygicApp.swift in Sources */ = {isa = PBXBuildFile; fileRef = B3F0F7EA27CE60BE0033AF13 /* SygicApp.swift */; };
		B3F0F7ED27CE60BE0033AF13 /* RepositoriesView.swift in Sources */ = {isa = PBXBuildFile; fileRef = B3F0F7EC27CE60BE0033AF13 /* RepositoriesView.swift */; };
		B3F0F7EF27CE60C10033AF13 /* Assets.xcassets in Resources */ = {isa = PBXBuildFile; fileRef = B3F0F7EE27CE60C10033AF13 /* Assets.xcassets */; };
		B3F0F7F227CE60C10033AF13 /* Preview Assets.xcassets in Resources */ = {isa = PBXBuildFile; fileRef = B3F0F7F127CE60C10033AF13 /* Preview Assets.xcassets */; };
		B3F0F7FC27CE60C10033AF13 /* SygicTests.swift in Sources */ = {isa = PBXBuildFile; fileRef = B3F0F7FB27CE60C10033AF13 /* SygicTests.swift */; };
		B3F0F80627CE60C10033AF13 /* SygicUITests.swift in Sources */ = {isa = PBXBuildFile; fileRef = B3F0F80527CE60C10033AF13 /* SygicUITests.swift */; };
		B3F0F80827CE60C10033AF13 /* SygicUITestsLaunchTests.swift in Sources */ = {isa = PBXBuildFile; fileRef = B3F0F80727CE60C10033AF13 /* SygicUITestsLaunchTests.swift */; };
		B3F0F81627CE61280033AF13 /* RepositoriesViewModel.swift in Sources */ = {isa = PBXBuildFile; fileRef = B3F0F81527CE61280033AF13 /* RepositoriesViewModel.swift */; };
		B3F0F81827CE613B0033AF13 /* RepositoryModel.swift in Sources */ = {isa = PBXBuildFile; fileRef = B3F0F81727CE613B0033AF13 /* RepositoryModel.swift */; };
		B3F0F81B27CE62D20033AF13 /* APIManager.swift in Sources */ = {isa = PBXBuildFile; fileRef = B3F0F81A27CE62D20033AF13 /* APIManager.swift */; };
		B3F0F81F27CF923A0033AF13 /* RepositoryCell.swift in Sources */ = {isa = PBXBuildFile; fileRef = B3F0F81E27CF923A0033AF13 /* RepositoryCell.swift */; };
		B3F0F82127CF92580033AF13 /* Extensions.swift in Sources */ = {isa = PBXBuildFile; fileRef = B3F0F82027CF92580033AF13 /* Extensions.swift */; };
		B3F0F82327CF96AB0033AF13 /* RepositoryDetailView.swift in Sources */ = {isa = PBXBuildFile; fileRef = B3F0F82227CF96AB0033AF13 /* RepositoryDetailView.swift */; };
		B3F0F82627CFA3480033AF13 /* UsersView.swift in Sources */ = {isa = PBXBuildFile; fileRef = B3F0F82527CFA3480033AF13 /* UsersView.swift */; };
		B3F0F82827CFA3790033AF13 /* UsersViewModel.swift in Sources */ = {isa = PBXBuildFile; fileRef = B3F0F82727CFA3790033AF13 /* UsersViewModel.swift */; };
		B3F0F82A27CFA3AD0033AF13 /* UserModel.swift in Sources */ = {isa = PBXBuildFile; fileRef = B3F0F82927CFA3AD0033AF13 /* UserModel.swift */; };
/* End PBXBuildFile section */

/* Begin PBXContainerItemProxy section */
		B3F0F7F827CE60C10033AF13 /* PBXContainerItemProxy */ = {
			isa = PBXContainerItemProxy;
			containerPortal = B3F0F7DF27CE60BE0033AF13 /* Project object */;
			proxyType = 1;
			remoteGlobalIDString = B3F0F7E627CE60BE0033AF13;
			remoteInfo = Sygic;
		};
		B3F0F80227CE60C10033AF13 /* PBXContainerItemProxy */ = {
			isa = PBXContainerItemProxy;
			containerPortal = B3F0F7DF27CE60BE0033AF13 /* Project object */;
			proxyType = 1;
			remoteGlobalIDString = B3F0F7E627CE60BE0033AF13;
			remoteInfo = Sygic;
		};
/* End PBXContainerItemProxy section */

/* Begin PBXFileReference section */
		B3F0F7E727CE60BE0033AF13 /* Sygic.app */ = {isa = PBXFileReference; explicitFileType = wrapper.application; includeInIndex = 0; path = Sygic.app; sourceTree = BUILT_PRODUCTS_DIR; };
		B3F0F7EA27CE60BE0033AF13 /* SygicApp.swift */ = {isa = PBXFileReference; lastKnownFileType = sourcecode.swift; path = SygicApp.swift; sourceTree = "<group>"; };
		B3F0F7EC27CE60BE0033AF13 /* RepositoriesView.swift */ = {isa = PBXFileReference; lastKnownFileType = sourcecode.swift; path = RepositoriesView.swift; sourceTree = "<group>"; };
		B3F0F7EE27CE60C10033AF13 /* Assets.xcassets */ = {isa = PBXFileReference; lastKnownFileType = folder.assetcatalog; path = Assets.xcassets; sourceTree = "<group>"; };
		B3F0F7F127CE60C10033AF13 /* Preview Assets.xcassets */ = {isa = PBXFileReference; lastKnownFileType = folder.assetcatalog; path = "Preview Assets.xcassets"; sourceTree = "<group>"; };
		B3F0F7F727CE60C10033AF13 /* SygicTests.xctest */ = {isa = PBXFileReference; explicitFileType = wrapper.cfbundle; includeInIndex = 0; path = SygicTests.xctest; sourceTree = BUILT_PRODUCTS_DIR; };
		B3F0F7FB27CE60C10033AF13 /* SygicTests.swift */ = {isa = PBXFileReference; lastKnownFileType = sourcecode.swift; path = SygicTests.swift; sourceTree = "<group>"; };
		B3F0F80127CE60C10033AF13 /* SygicUITests.xctest */ = {isa = PBXFileReference; explicitFileType = wrapper.cfbundle; includeInIndex = 0; path = SygicUITests.xctest; sourceTree = BUILT_PRODUCTS_DIR; };
		B3F0F80527CE60C10033AF13 /* SygicUITests.swift */ = {isa = PBXFileReference; lastKnownFileType = sourcecode.swift; path = SygicUITests.swift; sourceTree = "<group>"; };
		B3F0F80727CE60C10033AF13 /* SygicUITestsLaunchTests.swift */ = {isa = PBXFileReference; lastKnownFileType = sourcecode.swift; path = SygicUITestsLaunchTests.swift; sourceTree = "<group>"; };
		B3F0F81527CE61280033AF13 /* RepositoriesViewModel.swift */ = {isa = PBXFileReference; lastKnownFileType = sourcecode.swift; path = RepositoriesViewModel.swift; sourceTree = "<group>"; };
		B3F0F81727CE613B0033AF13 /* RepositoryModel.swift */ = {isa = PBXFileReference; lastKnownFileType = sourcecode.swift; path = RepositoryModel.swift; sourceTree = "<group>"; };
		B3F0F81A27CE62D20033AF13 /* APIManager.swift */ = {isa = PBXFileReference; lastKnownFileType = sourcecode.swift; path = APIManager.swift; sourceTree = "<group>"; };
		B3F0F81E27CF923A0033AF13 /* RepositoryCell.swift */ = {isa = PBXFileReference; lastKnownFileType = sourcecode.swift; path = RepositoryCell.swift; sourceTree = "<group>"; };
		B3F0F82027CF92580033AF13 /* Extensions.swift */ = {isa = PBXFileReference; lastKnownFileType = sourcecode.swift; path = Extensions.swift; sourceTree = "<group>"; };
		B3F0F82227CF96AB0033AF13 /* RepositoryDetailView.swift */ = {isa = PBXFileReference; lastKnownFileType = sourcecode.swift; path = RepositoryDetailView.swift; sourceTree = "<group>"; };
		B3F0F82527CFA3480033AF13 /* UsersView.swift */ = {isa = PBXFileReference; lastKnownFileType = sourcecode.swift; path = UsersView.swift; sourceTree = "<group>"; };
		B3F0F82727CFA3790033AF13 /* UsersViewModel.swift */ = {isa = PBXFileReference; lastKnownFileType = sourcecode.swift; path = UsersViewModel.swift; sourceTree = "<group>"; };
		B3F0F82927CFA3AD0033AF13 /* UserModel.swift */ = {isa = PBXFileReference; lastKnownFileType = sourcecode.swift; path = UserModel.swift; sourceTree = "<group>"; };
/* End PBXFileReference section */

/* Begin PBXFrameworksBuildPhase section */
		B3F0F7E427CE60BE0033AF13 /* Frameworks */ = {
			isa = PBXFrameworksBuildPhase;
			buildActionMask = 2147483647;
			files = (
			);
			runOnlyForDeploymentPostprocessing = 0;
		};
		B3F0F7F427CE60C10033AF13 /* Frameworks */ = {
			isa = PBXFrameworksBuildPhase;
			buildActionMask = 2147483647;
			files = (
			);
			runOnlyForDeploymentPostprocessing = 0;
		};
		B3F0F7FE27CE60C10033AF13 /* Frameworks */ = {
			isa = PBXFrameworksBuildPhase;
			buildActionMask = 2147483647;
			files = (
			);
			runOnlyForDeploymentPostprocessing = 0;
		};
/* End PBXFrameworksBuildPhase section */

/* Begin PBXGroup section */
		B3F0F7DE27CE60BE0033AF13 = {
			isa = PBXGroup;
			children = (
				B3F0F7E927CE60BE0033AF13 /* Sygic */,
				B3F0F7FA27CE60C10033AF13 /* SygicTests */,
				B3F0F80427CE60C10033AF13 /* SygicUITests */,
				B3F0F7E827CE60BE0033AF13 /* Products */,
			);
			sourceTree = "<group>";
		};
		B3F0F7E827CE60BE0033AF13 /* Products */ = {
			isa = PBXGroup;
			children = (
				B3F0F7E727CE60BE0033AF13 /* Sygic.app */,
				B3F0F7F727CE60C10033AF13 /* SygicTests.xctest */,
				B3F0F80127CE60C10033AF13 /* SygicUITests.xctest */,
			);
			name = Products;
			sourceTree = "<group>";
		};
		B3F0F7E927CE60BE0033AF13 /* Sygic */ = {
			isa = PBXGroup;
			children = (
				B3F0F82427CFA3180033AF13 /* Users */,
				B3F0F81927CE62BF0033AF13 /* API */,
				B3F0F81427CE60DE0033AF13 /* Repositories */,
				B3F0F7EA27CE60BE0033AF13 /* SygicApp.swift */,
				B3F0F7EE27CE60C10033AF13 /* Assets.xcassets */,
				B3F0F7F027CE60C10033AF13 /* Preview Content */,
				B3F0F82027CF92580033AF13 /* Extensions.swift */,
			);
			path = Sygic;
			sourceTree = "<group>";
		};
		B3F0F7F027CE60C10033AF13 /* Preview Content */ = {
			isa = PBXGroup;
			children = (
				B3F0F7F127CE60C10033AF13 /* Preview Assets.xcassets */,
			);
			path = "Preview Content";
			sourceTree = "<group>";
		};
		B3F0F7FA27CE60C10033AF13 /* SygicTests */ = {
			isa = PBXGroup;
			children = (
				B3F0F7FB27CE60C10033AF13 /* SygicTests.swift */,
			);
			path = SygicTests;
			sourceTree = "<group>";
		};
		B3F0F80427CE60C10033AF13 /* SygicUITests */ = {
			isa = PBXGroup;
			children = (
				B3F0F80527CE60C10033AF13 /* SygicUITests.swift */,
				B3F0F80727CE60C10033AF13 /* SygicUITestsLaunchTests.swift */,
			);
			path = SygicUITests;
			sourceTree = "<group>";
		};
		B3F0F81427CE60DE0033AF13 /* Repositories */ = {
			isa = PBXGroup;
			children = (
				B3F0F7EC27CE60BE0033AF13 /* RepositoriesView.swift */,
				B3F0F81527CE61280033AF13 /* RepositoriesViewModel.swift */,
				B3F0F81727CE613B0033AF13 /* RepositoryModel.swift */,
				B3F0F81E27CF923A0033AF13 /* RepositoryCell.swift */,
				B3F0F82227CF96AB0033AF13 /* RepositoryDetailView.swift */,
			);
			path = Repositories;
			sourceTree = "<group>";
		};
		B3F0F81927CE62BF0033AF13 /* API */ = {
			isa = PBXGroup;
			children = (
				B3F0F81A27CE62D20033AF13 /* APIManager.swift */,
			);
			path = API;
			sourceTree = "<group>";
		};
		B3F0F82427CFA3180033AF13 /* Users */ = {
			isa = PBXGroup;
			children = (
				B3F0F82527CFA3480033AF13 /* UsersView.swift */,
				B3F0F82727CFA3790033AF13 /* UsersViewModel.swift */,
				B3F0F82927CFA3AD0033AF13 /* UserModel.swift */,
			);
			path = Users;
			sourceTree = "<group>";
		};
/* End PBXGroup section */

/* Begin PBXNativeTarget section */
		B3F0F7E627CE60BE0033AF13 /* Sygic */ = {
			isa = PBXNativeTarget;
			buildConfigurationList = B3F0F80B27CE60C10033AF13 /* Build configuration list for PBXNativeTarget "Sygic" */;
			buildPhases = (
				B3F0F7E327CE60BE0033AF13 /* Sources */,
				B3F0F7E427CE60BE0033AF13 /* Frameworks */,
				B3F0F7E527CE60BE0033AF13 /* Resources */,
			);
			buildRules = (
			);
			dependencies = (
			);
			name = Sygic;
			productName = Sygic;
			productReference = B3F0F7E727CE60BE0033AF13 /* Sygic.app */;
			productType = "com.apple.product-type.application";
		};
		B3F0F7F627CE60C10033AF13 /* SygicTests */ = {
			isa = PBXNativeTarget;
			buildConfigurationList = B3F0F80E27CE60C10033AF13 /* Build configuration list for PBXNativeTarget "SygicTests" */;
			buildPhases = (
				B3F0F7F327CE60C10033AF13 /* Sources */,
				B3F0F7F427CE60C10033AF13 /* Frameworks */,
				B3F0F7F527CE60C10033AF13 /* Resources */,
			);
			buildRules = (
			);
			dependencies = (
				B3F0F7F927CE60C10033AF13 /* PBXTargetDependency */,
			);
			name = SygicTests;
			productName = SygicTests;
			productReference = B3F0F7F727CE60C10033AF13 /* SygicTests.xctest */;
			productType = "com.apple.product-type.bundle.unit-test";
		};
		B3F0F80027CE60C10033AF13 /* SygicUITests */ = {
			isa = PBXNativeTarget;
			buildConfigurationList = B3F0F81127CE60C10033AF13 /* Build configuration list for PBXNativeTarget "SygicUITests" */;
			buildPhases = (
				B3F0F7FD27CE60C10033AF13 /* Sources */,
				B3F0F7FE27CE60C10033AF13 /* Frameworks */,
				B3F0F7FF27CE60C10033AF13 /* Resources */,
			);
			buildRules = (
			);
			dependencies = (
				B3F0F80327CE60C10033AF13 /* PBXTargetDependency */,
			);
			name = SygicUITests;
			productName = SygicUITests;
			productReference = B3F0F80127CE60C10033AF13 /* SygicUITests.xctest */;
			productType = "com.apple.product-type.bundle.ui-testing";
		};
/* End PBXNativeTarget section */

/* Begin PBXProject section */
		B3F0F7DF27CE60BE0033AF13 /* Project object */ = {
			isa = PBXProject;
			attributes = {
				BuildIndependentTargetsInParallel = 1;
				LastSwiftUpdateCheck = 1320;
				LastUpgradeCheck = 1320;
				TargetAttributes = {
					B3F0F7E627CE60BE0033AF13 = {
						CreatedOnToolsVersion = 13.2.1;
					};
					B3F0F7F627CE60C10033AF13 = {
						CreatedOnToolsVersion = 13.2.1;
						TestTargetID = B3F0F7E627CE60BE0033AF13;
					};
					B3F0F80027CE60C10033AF13 = {
						CreatedOnToolsVersion = 13.2.1;
						TestTargetID = B3F0F7E627CE60BE0033AF13;
					};
				};
			};
			buildConfigurationList = B3F0F7E227CE60BE0033AF13 /* Build configuration list for PBXProject "Sygic" */;
			compatibilityVersion = "Xcode 13.0";
			developmentRegion = en;
			hasScannedForEncodings = 0;
			knownRegions = (
				en,
				Base,
			);
			mainGroup = B3F0F7DE27CE60BE0033AF13;
			productRefGroup = B3F0F7E827CE60BE0033AF13 /* Products */;
			projectDirPath = "";
			projectRoot = "";
			targets = (
				B3F0F7E627CE60BE0033AF13 /* Sygic */,
				B3F0F7F627CE60C10033AF13 /* SygicTests */,
				B3F0F80027CE60C10033AF13 /* SygicUITests */,
			);
		};
/* End PBXProject section */

/* Begin PBXResourcesBuildPhase section */
		B3F0F7E527CE60BE0033AF13 /* Resources */ = {
			isa = PBXResourcesBuildPhase;
			buildActionMask = 2147483647;
			files = (
				B3F0F7F227CE60C10033AF13 /* Preview Assets.xcassets in Resources */,
				B3F0F7EF27CE60C10033AF13 /* Assets.xcassets in Resources */,
			);
			runOnlyForDeploymentPostprocessing = 0;
		};
		B3F0F7F527CE60C10033AF13 /* Resources */ = {
			isa = PBXResourcesBuildPhase;
			buildActionMask = 2147483647;
			files = (
			);
			runOnlyForDeploymentPostprocessing = 0;
		};
		B3F0F7FF27CE60C10033AF13 /* Resources */ = {
			isa = PBXResourcesBuildPhase;
			buildActionMask = 2147483647;
			files = (
			);
			runOnlyForDeploymentPostprocessing = 0;
		};
/* End PBXResourcesBuildPhase section */

/* Begin PBXSourcesBuildPhase section */
		B3F0F7E327CE60BE0033AF13 /* Sources */ = {
			isa = PBXSourcesBuildPhase;
			buildActionMask = 2147483647;
			files = (
				B3F0F7ED27CE60BE0033AF13 /* RepositoriesView.swift in Sources */,
				B3F0F81827CE613B0033AF13 /* RepositoryModel.swift in Sources */,
				B3F0F81B27CE62D20033AF13 /* APIManager.swift in Sources */,
				B3F0F82327CF96AB0033AF13 /* RepositoryDetailView.swift in Sources */,
				B3F0F81F27CF923A0033AF13 /* RepositoryCell.swift in Sources */,
				B3F0F82627CFA3480033AF13 /* UsersView.swift in Sources */,
				B3F0F81627CE61280033AF13 /* RepositoriesViewModel.swift in Sources */,
				B3F0F7EB27CE60BE0033AF13 /* SygicApp.swift in Sources */,
				B3F0F82127CF92580033AF13 /* Extensions.swift in Sources */,
				B3F0F82827CFA3790033AF13 /* UsersViewModel.swift in Sources */,
				B3F0F82A27CFA3AD0033AF13 /* UserModel.swift in Sources */,
			);
			runOnlyForDeploymentPostprocessing = 0;
		};
		B3F0F7F327CE60C10033AF13 /* Sources */ = {
			isa = PBXSourcesBuildPhase;
			buildActionMask = 2147483647;
			files = (
				B3F0F7FC27CE60C10033AF13 /* SygicTests.swift in Sources */,
			);
			runOnlyForDeploymentPostprocessing = 0;
		};
		B3F0F7FD27CE60C10033AF13 /* Sources */ = {
			isa = PBXSourcesBuildPhase;
			buildActionMask = 2147483647;
			files = (
				B3F0F80827CE60C10033AF13 /* SygicUITestsLaunchTests.swift in Sources */,
				B3F0F80627CE60C10033AF13 /* SygicUITests.swift in Sources */,
			);
			runOnlyForDeploymentPostprocessing = 0;
		};
/* End PBXSourcesBuildPhase section */

/* Begin PBXTargetDependency section */
		B3F0F7F927CE60C10033AF13 /* PBXTargetDependency */ = {
			isa = PBXTargetDependency;
			target = B3F0F7E627CE60BE0033AF13 /* Sygic */;
			targetProxy = B3F0F7F827CE60C10033AF13 /* PBXContainerItemProxy */;
		};
		B3F0F80327CE60C10033AF13 /* PBXTargetDependency */ = {
			isa = PBXTargetDependency;
			target = B3F0F7E627CE60BE0033AF13 /* Sygic */;
			targetProxy = B3F0F80227CE60C10033AF13 /* PBXContainerItemProxy */;
		};
/* End PBXTargetDependency section */

/* Begin XCBuildConfiguration section */
		B3F0F80927CE60C10033AF13 /* Debug */ = {
			isa = XCBuildConfiguration;
			buildSettings = {
				ALWAYS_SEARCH_USER_PATHS = NO;
				CLANG_ANALYZER_NONNULL = YES;
				CLANG_ANALYZER_NUMBER_OBJECT_CONVERSION = YES_AGGRESSIVE;
				CLANG_CXX_LANGUAGE_STANDARD = "gnu++17";
				CLANG_CXX_LIBRARY = "libc++";
				CLANG_ENABLE_MODULES = YES;
				CLANG_ENABLE_OBJC_ARC = YES;
				CLANG_ENABLE_OBJC_WEAK = YES;
				CLANG_WARN_BLOCK_CAPTURE_AUTORELEASING = YES;
				CLANG_WARN_BOOL_CONVERSION = YES;
				CLANG_WARN_COMMA = YES;
				CLANG_WARN_CONSTANT_CONVERSION = YES;
				CLANG_WARN_DEPRECATED_OBJC_IMPLEMENTATIONS = YES;
				CLANG_WARN_DIRECT_OBJC_ISA_USAGE = YES_ERROR;
				CLANG_WARN_DOCUMENTATION_COMMENTS = YES;
				CLANG_WARN_EMPTY_BODY = YES;
				CLANG_WARN_ENUM_CONVERSION = YES;
				CLANG_WARN_INFINITE_RECURSION = YES;
				CLANG_WARN_INT_CONVERSION = YES;
				CLANG_WARN_NON_LITERAL_NULL_CONVERSION = YES;
				CLANG_WARN_OBJC_IMPLICIT_RETAIN_SELF = YES;
				CLANG_WARN_OBJC_LITERAL_CONVERSION = YES;
				CLANG_WARN_OBJC_ROOT_CLASS = YES_ERROR;
				CLANG_WARN_QUOTED_INCLUDE_IN_FRAMEWORK_HEADER = YES;
				CLANG_WARN_RANGE_LOOP_ANALYSIS = YES;
				CLANG_WARN_STRICT_PROTOTYPES = YES;
				CLANG_WARN_SUSPICIOUS_MOVE = YES;
				CLANG_WARN_UNGUARDED_AVAILABILITY = YES_AGGRESSIVE;
				CLANG_WARN_UNREACHABLE_CODE = YES;
				CLANG_WARN__DUPLICATE_METHOD_MATCH = YES;
				COPY_PHASE_STRIP = NO;
				DEBUG_INFORMATION_FORMAT = dwarf;
				ENABLE_STRICT_OBJC_MSGSEND = YES;
				ENABLE_TESTABILITY = YES;
				GCC_C_LANGUAGE_STANDARD = gnu11;
				GCC_DYNAMIC_NO_PIC = NO;
				GCC_NO_COMMON_BLOCKS = YES;
				GCC_OPTIMIZATION_LEVEL = 0;
				GCC_PREPROCESSOR_DEFINITIONS = (
					"DEBUG=1",
					"$(inherited)",
				);
				GCC_WARN_64_TO_32_BIT_CONVERSION = YES;
				GCC_WARN_ABOUT_RETURN_TYPE = YES_ERROR;
				GCC_WARN_UNDECLARED_SELECTOR = YES;
				GCC_WARN_UNINITIALIZED_AUTOS = YES_AGGRESSIVE;
				GCC_WARN_UNUSED_FUNCTION = YES;
				GCC_WARN_UNUSED_VARIABLE = YES;
				IPHONEOS_DEPLOYMENT_TARGET = 15.2;
				MTL_ENABLE_DEBUG_INFO = INCLUDE_SOURCE;
				MTL_FAST_MATH = YES;
				ONLY_ACTIVE_ARCH = YES;
				SDKROOT = iphoneos;
				SWIFT_ACTIVE_COMPILATION_CONDITIONS = DEBUG;
				SWIFT_OPTIMIZATION_LEVEL = "-Onone";
			};
			name = Debug;
		};
		B3F0F80A27CE60C10033AF13 /* Release */ = {
			isa = XCBuildConfiguration;
			buildSettings = {
				ALWAYS_SEARCH_USER_PATHS = NO;
				CLANG_ANALYZER_NONNULL = YES;
				CLANG_ANALYZER_NUMBER_OBJECT_CONVERSION = YES_AGGRESSIVE;
				CLANG_CXX_LANGUAGE_STANDARD = "gnu++17";
				CLANG_CXX_LIBRARY = "libc++";
				CLANG_ENABLE_MODULES = YES;
				CLANG_ENABLE_OBJC_ARC = YES;
				CLANG_ENABLE_OBJC_WEAK = YES;
				CLANG_WARN_BLOCK_CAPTURE_AUTORELEASING = YES;
				CLANG_WARN_BOOL_CONVERSION = YES;
				CLANG_WARN_COMMA = YES;
				CLANG_WARN_CONSTANT_CONVERSION = YES;
				CLANG_WARN_DEPRECATED_OBJC_IMPLEMENTATIONS = YES;
				CLANG_WARN_DIRECT_OBJC_ISA_USAGE = YES_ERROR;
				CLANG_WARN_DOCUMENTATION_COMMENTS = YES;
				CLANG_WARN_EMPTY_BODY = YES;
				CLANG_WARN_ENUM_CONVERSION = YES;
				CLANG_WARN_INFINITE_RECURSION = YES;
				CLANG_WARN_INT_CONVERSION = YES;
				CLANG_WARN_NON_LITERAL_NULL_CONVERSION = YES;
				CLANG_WARN_OBJC_IMPLICIT_RETAIN_SELF = YES;
				CLANG_WARN_OBJC_LITERAL_CONVERSION = YES;
				CLANG_WARN_OBJC_ROOT_CLASS = YES_ERROR;
				CLANG_WARN_QUOTED_INCLUDE_IN_FRAMEWORK_HEADER = YES;
				CLANG_WARN_RANGE_LOOP_ANALYSIS = YES;
				CLANG_WARN_STRICT_PROTOTYPES = YES;
				CLANG_WARN_SUSPICIOUS_MOVE = YES;
				CLANG_WARN_UNGUARDED_AVAILABILITY = YES_AGGRESSIVE;
				CLANG_WARN_UNREACHABLE_CODE = YES;
				CLANG_WARN__DUPLICATE_METHOD_MATCH = YES;
				COPY_PHASE_STRIP = NO;
				DEBUG_INFORMATION_FORMAT = "dwarf-with-dsym";
				ENABLE_NS_ASSERTIONS = NO;
				ENABLE_STRICT_OBJC_MSGSEND = YES;
				GCC_C_LANGUAGE_STANDARD = gnu11;
				GCC_NO_COMMON_BLOCKS = YES;
				GCC_WARN_64_TO_32_BIT_CONVERSION = YES;
				GCC_WARN_ABOUT_RETURN_TYPE = YES_ERROR;
				GCC_WARN_UNDECLARED_SELECTOR = YES;
				GCC_WARN_UNINITIALIZED_AUTOS = YES_AGGRESSIVE;
				GCC_WARN_UNUSED_FUNCTION = YES;
				GCC_WARN_UNUSED_VARIABLE = YES;
				IPHONEOS_DEPLOYMENT_TARGET = 15.2;
				MTL_ENABLE_DEBUG_INFO = NO;
				MTL_FAST_MATH = YES;
				SDKROOT = iphoneos;
				SWIFT_COMPILATION_MODE = wholemodule;
				SWIFT_OPTIMIZATION_LEVEL = "-O";
				VALIDATE_PRODUCT = YES;
			};
			name = Release;
		};
		B3F0F80C27CE60C10033AF13 /* Debug */ = {
			isa = XCBuildConfiguration;
			buildSettings = {
				ASSETCATALOG_COMPILER_APPICON_NAME = AppIcon;
				ASSETCATALOG_COMPILER_GLOBAL_ACCENT_COLOR_NAME = AccentColor;
				CODE_SIGN_STYLE = Automatic;
				CURRENT_PROJECT_VERSION = 1;
				DEVELOPMENT_ASSET_PATHS = "\"Sygic/Preview Content\"";
				DEVELOPMENT_TEAM = 3JZ9L52J2D;
				ENABLE_PREVIEWS = YES;
				GENERATE_INFOPLIST_FILE = YES;
				INFOPLIST_KEY_UIApplicationSceneManifest_Generation = YES;
				INFOPLIST_KEY_UIApplicationSupportsIndirectInputEvents = YES;
				INFOPLIST_KEY_UILaunchScreen_Generation = YES;
				INFOPLIST_KEY_UISupportedInterfaceOrientations_iPad = "UIInterfaceOrientationPortrait UIInterfaceOrientationPortraitUpsideDown UIInterfaceOrientationLandscapeLeft UIInterfaceOrientationLandscapeRight";
				INFOPLIST_KEY_UISupportedInterfaceOrientations_iPhone = "UIInterfaceOrientationPortrait UIInterfaceOrientationLandscapeLeft UIInterfaceOrientationLandscapeRight";
				LD_RUNPATH_SEARCH_PATHS = (
					"$(inherited)",
					"@executable_path/Frameworks",
				);
				MARKETING_VERSION = 1.0;
				PRODUCT_BUNDLE_IDENTIFIER = com.sova.Sygic;
				PRODUCT_NAME = "$(TARGET_NAME)";
				SWIFT_EMIT_LOC_STRINGS = YES;
				SWIFT_VERSION = 5.0;
				TARGETED_DEVICE_FAMILY = "1,2";
			};
			name = Debug;
		};
		B3F0F80D27CE60C10033AF13 /* Release */ = {
			isa = XCBuildConfiguration;
			buildSettings = {
				ASSETCATALOG_COMPILER_APPICON_NAME = AppIcon;
				ASSETCATALOG_COMPILER_GLOBAL_ACCENT_COLOR_NAME = AccentColor;
				CODE_SIGN_STYLE = Automatic;
				CURRENT_PROJECT_VERSION = 1;
				DEVELOPMENT_ASSET_PATHS = "\"Sygic/Preview Content\"";
				DEVELOPMENT_TEAM = 3JZ9L52J2D;
				ENABLE_PREVIEWS = YES;
				GENERATE_INFOPLIST_FILE = YES;
				INFOPLIST_KEY_UIApplicationSceneManifest_Generation = YES;
				INFOPLIST_KEY_UIApplicationSupportsIndirectInputEvents = YES;
				INFOPLIST_KEY_UILaunchScreen_Generation = YES;
				INFOPLIST_KEY_UISupportedInterfaceOrientations_iPad = "UIInterfaceOrientationPortrait UIInterfaceOrientationPortraitUpsideDown UIInterfaceOrientationLandscapeLeft UIInterfaceOrientationLandscapeRight";
				INFOPLIST_KEY_UISupportedInterfaceOrientations_iPhone = "UIInterfaceOrientationPortrait UIInterfaceOrientationLandscapeLeft UIInterfaceOrientationLandscapeRight";
				LD_RUNPATH_SEARCH_PATHS = (
					"$(inherited)",
					"@executable_path/Frameworks",
				);
				MARKETING_VERSION = 1.0;
				PRODUCT_BUNDLE_IDENTIFIER = com.sova.Sygic;
				PRODUCT_NAME = "$(TARGET_NAME)";
				SWIFT_EMIT_LOC_STRINGS = YES;
				SWIFT_VERSION = 5.0;
				TARGETED_DEVICE_FAMILY = "1,2";
			};
			name = Release;
		};
		B3F0F80F27CE60C10033AF13 /* Debug */ = {
			isa = XCBuildConfiguration;
			buildSettings = {
				ALWAYS_EMBED_SWIFT_STANDARD_LIBRARIES = YES;
				BUNDLE_LOADER = "$(TEST_HOST)";
				CODE_SIGN_STYLE = Automatic;
				CURRENT_PROJECT_VERSION = 1;
				DEVELOPMENT_TEAM = 3JZ9L52J2D;
				GENERATE_INFOPLIST_FILE = YES;
				IPHONEOS_DEPLOYMENT_TARGET = 15.2;
				MARKETING_VERSION = 1.0;
				PRODUCT_BUNDLE_IDENTIFIER = com.sova.SygicTests;
				PRODUCT_NAME = "$(TARGET_NAME)";
				SWIFT_EMIT_LOC_STRINGS = NO;
				SWIFT_VERSION = 5.0;
				TARGETED_DEVICE_FAMILY = "1,2";
				TEST_HOST = "$(BUILT_PRODUCTS_DIR)/Sygic.app/Sygic";
			};
			name = Debug;
		};
		B3F0F81027CE60C10033AF13 /* Release */ = {
			isa = XCBuildConfiguration;
			buildSettings = {
				ALWAYS_EMBED_SWIFT_STANDARD_LIBRARIES = YES;
				BUNDLE_LOADER = "$(TEST_HOST)";
				CODE_SIGN_STYLE = Automatic;
				CURRENT_PROJECT_VERSION = 1;
				DEVELOPMENT_TEAM = 3JZ9L52J2D;
				GENERATE_INFOPLIST_FILE = YES;
				IPHONEOS_DEPLOYMENT_TARGET = 15.2;
				MARKETING_VERSION = 1.0;
				PRODUCT_BUNDLE_IDENTIFIER = com.sova.SygicTests;
				PRODUCT_NAME = "$(TARGET_NAME)";
				SWIFT_EMIT_LOC_STRINGS = NO;
				SWIFT_VERSION = 5.0;
				TARGETED_DEVICE_FAMILY = "1,2";
				TEST_HOST = "$(BUILT_PRODUCTS_DIR)/Sygic.app/Sygic";
			};
			name = Release;
		};
		B3F0F81227CE60C10033AF13 /* Debug */ = {
			isa = XCBuildConfiguration;
			buildSettings = {
				ALWAYS_EMBED_SWIFT_STANDARD_LIBRARIES = YES;
				CODE_SIGN_STYLE = Automatic;
				CURRENT_PROJECT_VERSION = 1;
				DEVELOPMENT_TEAM = 3JZ9L52J2D;
				GENERATE_INFOPLIST_FILE = YES;
				MARKETING_VERSION = 1.0;
				PRODUCT_BUNDLE_IDENTIFIER = com.sova.SygicUITests;
				PRODUCT_NAME = "$(TARGET_NAME)";
				SWIFT_EMIT_LOC_STRINGS = NO;
				SWIFT_VERSION = 5.0;
				TARGETED_DEVICE_FAMILY = "1,2";
				TEST_TARGET_NAME = Sygic;
			};
			name = Debug;
		};
		B3F0F81327CE60C10033AF13 /* Release */ = {
			isa = XCBuildConfiguration;
			buildSettings = {
				ALWAYS_EMBED_SWIFT_STANDARD_LIBRARIES = YES;
				CODE_SIGN_STYLE = Automatic;
				CURRENT_PROJECT_VERSION = 1;
				DEVELOPMENT_TEAM = 3JZ9L52J2D;
				GENERATE_INFOPLIST_FILE = YES;
				MARKETING_VERSION = 1.0;
				PRODUCT_BUNDLE_IDENTIFIER = com.sova.SygicUITests;
				PRODUCT_NAME = "$(TARGET_NAME)";
				SWIFT_EMIT_LOC_STRINGS = NO;
				SWIFT_VERSION = 5.0;
				TARGETED_DEVICE_FAMILY = "1,2";
				TEST_TARGET_NAME = Sygic;
			};
			name = Release;
		};
/* End XCBuildConfiguration section */

/* Begin XCConfigurationList section */
		B3F0F7E227CE60BE0033AF13 /* Build configuration list for PBXProject "Sygic" */ = {
			isa = XCConfigurationList;
			buildConfigurations = (
				B3F0F80927CE60C10033AF13 /* Debug */,
				B3F0F80A27CE60C10033AF13 /* Release */,
			);
			defaultConfigurationIsVisible = 0;
			defaultConfigurationName = Release;
		};
		B3F0F80B27CE60C10033AF13 /* Build configuration list for PBXNativeTarget "Sygic" */ = {
			isa = XCConfigurationList;
			buildConfigurations = (
				B3F0F80C27CE60C10033AF13 /* Debug */,
				B3F0F80D27CE60C10033AF13 /* Release */,
			);
			defaultConfigurationIsVisible = 0;
			defaultConfigurationName = Release;
		};
		B3F0F80E27CE60C10033AF13 /* Build configuration list for PBXNativeTarget "SygicTests" */ = {
			isa = XCConfigurationList;
			buildConfigurations = (
				B3F0F80F27CE60C10033AF13 /* Debug */,
				B3F0F81027CE60C10033AF13 /* Release */,
			);
			defaultConfigurationIsVisible = 0;
			defaultConfigurationName = Release;
		};
		B3F0F81127CE60C10033AF13 /* Build configuration list for PBXNativeTarget "SygicUITests" */ = {
			isa = XCConfigurationList;
			buildConfigurations = (
				B3F0F81227CE60C10033AF13 /* Debug */,
				B3F0F81327CE60C10033AF13 /* Release */,
			);
			defaultConfigurationIsVisible = 0;
			defaultConfigurationName = Release;
		};
/* End XCConfigurationList section */
	};
	rootObject = B3F0F7DF27CE60BE0033AF13 /* Project object */;
}
